// !$*UTF8*$!
{
	archiveVersion = 1;
	classes = {
	};
	objectVersion = 46;
	objects = {

/* Begin PBXBuildFile section */
		0144533E421790DFB80B0FFE /* Pods_GearAnimationTests.framework in Frameworks */ = {isa = PBXBuildFile; fileRef = 062CC50673F66E949CED1F2F /* Pods_GearAnimationTests.framework */; };
		65802E821AB9677200E40510 /* AppDelegate.swift in Sources */ = {isa = PBXBuildFile; fileRef = 65802E811AB9677200E40510 /* AppDelegate.swift */; };
		65802E841AB9677200E40510 /* ViewController.swift in Sources */ = {isa = PBXBuildFile; fileRef = 65802E831AB9677200E40510 /* ViewController.swift */; };
		65802E871AB9677200E40510 /* Main.storyboard in Resources */ = {isa = PBXBuildFile; fileRef = 65802E851AB9677200E40510 /* Main.storyboard */; };
		65802E891AB9677200E40510 /* Images.xcassets in Resources */ = {isa = PBXBuildFile; fileRef = 65802E881AB9677200E40510 /* Images.xcassets */; };
		65802E8C1AB9677200E40510 /* LaunchScreen.xib in Resources */ = {isa = PBXBuildFile; fileRef = 65802E8A1AB9677200E40510 /* LaunchScreen.xib */; };
		65802E981AB9677300E40510 /* GearAnimationTests.swift in Sources */ = {isa = PBXBuildFile; fileRef = 65802E971AB9677300E40510 /* GearAnimationTests.swift */; };
		BE4706215BF3B6C2AE0CF607 /* Pods_GearAnimation.framework in Frameworks */ = {isa = PBXBuildFile; fileRef = 19BF6C1061A212428BBBBF26 /* Pods_GearAnimation.framework */; };
/* End PBXBuildFile section */

/* Begin PBXContainerItemProxy section */
		65802E921AB9677300E40510 /* PBXContainerItemProxy */ = {
			isa = PBXContainerItemProxy;
			containerPortal = 65802E741AB9677200E40510 /* Project object */;
			proxyType = 1;
			remoteGlobalIDString = 65802E7B1AB9677200E40510;
			remoteInfo = GearAnimation;
		};
/* End PBXContainerItemProxy section */

/* Begin PBXFileReference section */
		062CC50673F66E949CED1F2F /* Pods_GearAnimationTests.framework */ = {isa = PBXFileReference; explicitFileType = wrapper.framework; includeInIndex = 0; path = Pods_GearAnimationTests.framework; sourceTree = BUILT_PRODUCTS_DIR; };
		19BF6C1061A212428BBBBF26 /* Pods_GearAnimation.framework */ = {isa = PBXFileReference; explicitFileType = wrapper.framework; includeInIndex = 0; path = Pods_GearAnimation.framework; sourceTree = BUILT_PRODUCTS_DIR; };
		211EB9BA1ECE2F16EA952C42 /* Pods-GearAnimation.debug.xcconfig */ = {isa = PBXFileReference; includeInIndex = 1; lastKnownFileType = text.xcconfig; name = "Pods-GearAnimation.debug.xcconfig"; path = "Pods/Target Support Files/Pods-GearAnimation/Pods-GearAnimation.debug.xcconfig"; sourceTree = "<group>"; };
		2747D084E3EE480347508A5A /* Pods-GearAnimationTests.release.xcconfig */ = {isa = PBXFileReference; includeInIndex = 1; lastKnownFileType = text.xcconfig; name = "Pods-GearAnimationTests.release.xcconfig"; path = "Pods/Target Support Files/Pods-GearAnimationTests/Pods-GearAnimationTests.release.xcconfig"; sourceTree = "<group>"; };
		65802E7C1AB9677200E40510 /* GearAnimation.app */ = {isa = PBXFileReference; explicitFileType = wrapper.application; includeInIndex = 0; path = GearAnimation.app; sourceTree = BUILT_PRODUCTS_DIR; };
		65802E801AB9677200E40510 /* Info.plist */ = {isa = PBXFileReference; lastKnownFileType = text.plist.xml; path = Info.plist; sourceTree = "<group>"; };
		65802E811AB9677200E40510 /* AppDelegate.swift */ = {isa = PBXFileReference; lastKnownFileType = sourcecode.swift; path = AppDelegate.swift; sourceTree = "<group>"; };
		65802E831AB9677200E40510 /* ViewController.swift */ = {isa = PBXFileReference; lastKnownFileType = sourcecode.swift; path = ViewController.swift; sourceTree = "<group>"; };
		65802E861AB9677200E40510 /* Base */ = {isa = PBXFileReference; lastKnownFileType = file.storyboard; name = Base; path = Base.lproj/Main.storyboard; sourceTree = "<group>"; };
		65802E881AB9677200E40510 /* Images.xcassets */ = {isa = PBXFileReference; lastKnownFileType = folder.assetcatalog; path = Images.xcassets; sourceTree = "<group>"; };
		65802E8B1AB9677200E40510 /* Base */ = {isa = PBXFileReference; lastKnownFileType = file.xib; name = Base; path = Base.lproj/LaunchScreen.xib; sourceTree = "<group>"; };
		65802E911AB9677300E40510 /* GearAnimationTests.xctest */ = {isa = PBXFileReference; explicitFileType = wrapper.cfbundle; includeInIndex = 0; path = GearAnimationTests.xctest; sourceTree = BUILT_PRODUCTS_DIR; };
		65802E961AB9677300E40510 /* Info.plist */ = {isa = PBXFileReference; lastKnownFileType = text.plist.xml; path = Info.plist; sourceTree = "<group>"; };
		65802E971AB9677300E40510 /* GearAnimationTests.swift */ = {isa = PBXFileReference; lastKnownFileType = sourcecode.swift; path = GearAnimationTests.swift; sourceTree = "<group>"; };
		759CD43038EF4F60FF3C63F7 /* Pods-GearAnimationTests.debug.xcconfig */ = {isa = PBXFileReference; includeInIndex = 1; lastKnownFileType = text.xcconfig; name = "Pods-GearAnimationTests.debug.xcconfig"; path = "Pods/Target Support Files/Pods-GearAnimationTests/Pods-GearAnimationTests.debug.xcconfig"; sourceTree = "<group>"; };
		7AA9FED7177DEA85E91FD7BA /* Pods-GearAnimation.release.xcconfig */ = {isa = PBXFileReference; includeInIndex = 1; lastKnownFileType = text.xcconfig; name = "Pods-GearAnimation.release.xcconfig"; path = "Pods/Target Support Files/Pods-GearAnimation/Pods-GearAnimation.release.xcconfig"; sourceTree = "<group>"; };
/* End PBXFileReference section */

/* Begin PBXFrameworksBuildPhase section */
		65802E791AB9677200E40510 /* Frameworks */ = {
			isa = PBXFrameworksBuildPhase;
			buildActionMask = 2147483647;
			files = (
				BE4706215BF3B6C2AE0CF607 /* Pods_GearAnimation.framework in Frameworks */,
			);
			runOnlyForDeploymentPostprocessing = 0;
		};
		65802E8E1AB9677300E40510 /* Frameworks */ = {
			isa = PBXFrameworksBuildPhase;
			buildActionMask = 2147483647;
			files = (
				0144533E421790DFB80B0FFE /* Pods_GearAnimationTests.framework in Frameworks */,
			);
			runOnlyForDeploymentPostprocessing = 0;
		};
/* End PBXFrameworksBuildPhase section */

/* Begin PBXGroup section */
		6568D6821BE80D7400A9E37C /* Resources */ = {
			isa = PBXGroup;
			children = (
				65802E851AB9677200E40510 /* Main.storyboard */,
				65802E881AB9677200E40510 /* Images.xcassets */,
				65802E8A1AB9677200E40510 /* LaunchScreen.xib */,
			);
			name = Resources;
			sourceTree = "<group>";
		};
		65802E731AB9677200E40510 = {
			isa = PBXGroup;
			children = (
				65802E7E1AB9677200E40510 /* GearAnimation */,
				65802E941AB9677300E40510 /* GearAnimationTests */,
				65802E7D1AB9677200E40510 /* Products */,
				C0072CCABC284A63A667DCD0 /* Pods */,
				D7D7770EE663BE7B7143DD68 /* Frameworks */,
			);
			sourceTree = "<group>";
		};
		65802E7D1AB9677200E40510 /* Products */ = {
			isa = PBXGroup;
			children = (
				65802E7C1AB9677200E40510 /* GearAnimation.app */,
				65802E911AB9677300E40510 /* GearAnimationTests.xctest */,
			);
			name = Products;
			sourceTree = "<group>";
		};
		65802E7E1AB9677200E40510 /* GearAnimation */ = {
			isa = PBXGroup;
			children = (
				6568D6821BE80D7400A9E37C /* Resources */,
				65802E811AB9677200E40510 /* AppDelegate.swift */,
				65802E831AB9677200E40510 /* ViewController.swift */,
				65802E7F1AB9677200E40510 /* Supporting Files */,
			);
			path = GearAnimation;
			sourceTree = "<group>";
		};
		65802E7F1AB9677200E40510 /* Supporting Files */ = {
			isa = PBXGroup;
			children = (
				65802E801AB9677200E40510 /* Info.plist */,
			);
			name = "Supporting Files";
			sourceTree = "<group>";
		};
		65802E941AB9677300E40510 /* GearAnimationTests */ = {
			isa = PBXGroup;
			children = (
				65802E971AB9677300E40510 /* GearAnimationTests.swift */,
				65802E951AB9677300E40510 /* Supporting Files */,
			);
			path = GearAnimationTests;
			sourceTree = "<group>";
		};
		65802E951AB9677300E40510 /* Supporting Files */ = {
			isa = PBXGroup;
			children = (
				65802E961AB9677300E40510 /* Info.plist */,
			);
			name = "Supporting Files";
			sourceTree = "<group>";
		};
		C0072CCABC284A63A667DCD0 /* Pods */ = {
			isa = PBXGroup;
			children = (
				211EB9BA1ECE2F16EA952C42 /* Pods-GearAnimation.debug.xcconfig */,
				7AA9FED7177DEA85E91FD7BA /* Pods-GearAnimation.release.xcconfig */,
				759CD43038EF4F60FF3C63F7 /* Pods-GearAnimationTests.debug.xcconfig */,
				2747D084E3EE480347508A5A /* Pods-GearAnimationTests.release.xcconfig */,
			);
			name = Pods;
			sourceTree = "<group>";
		};
		D7D7770EE663BE7B7143DD68 /* Frameworks */ = {
			isa = PBXGroup;
			children = (
				19BF6C1061A212428BBBBF26 /* Pods_GearAnimation.framework */,
				062CC50673F66E949CED1F2F /* Pods_GearAnimationTests.framework */,
			);
			name = Frameworks;
			sourceTree = "<group>";
		};
/* End PBXGroup section */

/* Begin PBXNativeTarget section */
		65802E7B1AB9677200E40510 /* GearAnimation */ = {
			isa = PBXNativeTarget;
			buildConfigurationList = 65802E9B1AB9677300E40510 /* Build configuration list for PBXNativeTarget "GearAnimation" */;
			buildPhases = (
				403D62A24F72F5C5B640C0B5 /* [CP] Check Pods Manifest.lock */,
				65802E781AB9677200E40510 /* Sources */,
				65802E791AB9677200E40510 /* Frameworks */,
				65802E7A1AB9677200E40510 /* Resources */,
				873FBB99252862C209CC8B0C /* [CP] Embed Pods Frameworks */,
				C64F0B822D275126C9DC7DAC /* [CP] Copy Pods Resources */,
			);
			buildRules = (
			);
			dependencies = (
			);
			name = GearAnimation;
			productName = GearAnimation;
			productReference = 65802E7C1AB9677200E40510 /* GearAnimation.app */;
			productType = "com.apple.product-type.application";
		};
		65802E901AB9677300E40510 /* GearAnimationTests */ = {
			isa = PBXNativeTarget;
			buildConfigurationList = 65802E9E1AB9677300E40510 /* Build configuration list for PBXNativeTarget "GearAnimationTests" */;
			buildPhases = (
				85B1A5AE478BDF43CC378419 /* [CP] Check Pods Manifest.lock */,
				65802E8D1AB9677300E40510 /* Sources */,
				65802E8E1AB9677300E40510 /* Frameworks */,
				65802E8F1AB9677300E40510 /* Resources */,
				5D24446435188D47E21F6EA9 /* [CP] Embed Pods Frameworks */,
				63248EB8E40DB039FD6B688C /* [CP] Copy Pods Resources */,
			);
			buildRules = (
			);
			dependencies = (
				65802E931AB9677300E40510 /* PBXTargetDependency */,
			);
			name = GearAnimationTests;
			productName = GearAnimationTests;
			productReference = 65802E911AB9677300E40510 /* GearAnimationTests.xctest */;
			productType = "com.apple.product-type.bundle.unit-test";
		};
/* End PBXNativeTarget section */

/* Begin PBXProject section */
		65802E741AB9677200E40510 /* Project object */ = {
			isa = PBXProject;
			attributes = {
				LastSwiftUpdateCheck = 0700;
				LastUpgradeCheck = 0830;
				ORGANIZATIONNAME = "Fancy Pixel";
				TargetAttributes = {
					65802E7B1AB9677200E40510 = {
						CreatedOnToolsVersion = 6.2;
						LastSwiftMigration = 0800;
					};
					65802E901AB9677300E40510 = {
						CreatedOnToolsVersion = 6.2;
						LastSwiftMigration = 0800;
						TestTargetID = 65802E7B1AB9677200E40510;
					};
				};
			};
			buildConfigurationList = 65802E771AB9677200E40510 /* Build configuration list for PBXProject "GearAnimation" */;
			compatibilityVersion = "Xcode 3.2";
			developmentRegion = English;
			hasScannedForEncodings = 0;
			knownRegions = (
				en,
				Base,
			);
			mainGroup = 65802E731AB9677200E40510;
			productRefGroup = 65802E7D1AB9677200E40510 /* Products */;
			projectDirPath = "";
			projectRoot = "";
			targets = (
				65802E7B1AB9677200E40510 /* GearAnimation */,
				65802E901AB9677300E40510 /* GearAnimationTests */,
			);
		};
/* End PBXProject section */

/* Begin PBXResourcesBuildPhase section */
		65802E7A1AB9677200E40510 /* Resources */ = {
			isa = PBXResourcesBuildPhase;
			buildActionMask = 2147483647;
			files = (
				65802E871AB9677200E40510 /* Main.storyboard in Resources */,
				65802E8C1AB9677200E40510 /* LaunchScreen.xib in Resources */,
				65802E891AB9677200E40510 /* Images.xcassets in Resources */,
			);
			runOnlyForDeploymentPostprocessing = 0;
		};
		65802E8F1AB9677300E40510 /* Resources */ = {
			isa = PBXResourcesBuildPhase;
			buildActionMask = 2147483647;
			files = (
			);
			runOnlyForDeploymentPostprocessing = 0;
		};
/* End PBXResourcesBuildPhase section */

/* Begin PBXShellScriptBuildPhase section */
		403D62A24F72F5C5B640C0B5 /* [CP] Check Pods Manifest.lock */ = {
			isa = PBXShellScriptBuildPhase;
			buildActionMask = 2147483647;
			files = (
			);
			inputPaths = (
			);
			name = "[CP] Check Pods Manifest.lock";
			outputPaths = (
			);
			runOnlyForDeploymentPostprocessing = 0;
			shellPath = /bin/sh;
			shellScript = "diff \"${PODS_ROOT}/../Podfile.lock\" \"${PODS_ROOT}/Manifest.lock\" > /dev/null\nif [ $? != 0 ] ; then\n    # print error to STDERR\n    echo \"error: The sandbox is not in sync with the Podfile.lock. Run 'pod install' or update your CocoaPods installation.\" >&2\n    exit 1\nfi\n";
			showEnvVarsInLog = 0;
		};
		5D24446435188D47E21F6EA9 /* [CP] Embed Pods Frameworks */ = {
			isa = PBXShellScriptBuildPhase;
			buildActionMask = 2147483647;
			files = (
			);
			inputPaths = (
			);
			name = "[CP] Embed Pods Frameworks";
			outputPaths = (
			);
			runOnlyForDeploymentPostprocessing = 0;
			shellPath = /bin/sh;
			shellScript = "\"${SRCROOT}/Pods/Target Support Files/Pods-GearAnimationTests/Pods-GearAnimationTests-frameworks.sh\"\n";
			showEnvVarsInLog = 0;
		};
		63248EB8E40DB039FD6B688C /* [CP] Copy Pods Resources */ = {
			isa = PBXShellScriptBuildPhase;
			buildActionMask = 2147483647;
			files = (
			);
			inputPaths = (
			);
			name = "[CP] Copy Pods Resources";
			outputPaths = (
			);
			runOnlyForDeploymentPostprocessing = 0;
			shellPath = /bin/sh;
			shellScript = "\"${SRCROOT}/Pods/Target Support Files/Pods-GearAnimationTests/Pods-GearAnimationTests-resources.sh\"\n";
			showEnvVarsInLog = 0;
		};
		85B1A5AE478BDF43CC378419 /* [CP] Check Pods Manifest.lock */ = {
			isa = PBXShellScriptBuildPhase;
			buildActionMask = 2147483647;
			files = (
			);
			inputPaths = (
			);
			name = "[CP] Check Pods Manifest.lock";
			outputPaths = (
			);
			runOnlyForDeploymentPostprocessing = 0;
			shellPath = /bin/sh;
			shellScript = "diff \"${PODS_ROOT}/../Podfile.lock\" \"${PODS_ROOT}/Manifest.lock\" > /dev/null\nif [ $? != 0 ] ; then\n    # print error to STDERR\n    echo \"error: The sandbox is not in sync with the Podfile.lock. Run 'pod install' or update your CocoaPods installation.\" >&2\n    exit 1\nfi\n";
			showEnvVarsInLog = 0;
		};
		873FBB99252862C209CC8B0C /* [CP] Embed Pods Frameworks */ = {
			isa = PBXShellScriptBuildPhase;
			buildActionMask = 2147483647;
			files = (
			);
			inputPaths = (
			);
			name = "[CP] Embed Pods Frameworks";
			outputPaths = (
			);
			runOnlyForDeploymentPostprocessing = 0;
			shellPath = /bin/sh;
			shellScript = "\"${SRCROOT}/Pods/Target Support Files/Pods-GearAnimation/Pods-GearAnimation-frameworks.sh\"\n";
			showEnvVarsInLog = 0;
		};
		C64F0B822D275126C9DC7DAC /* [CP] Copy Pods Resources */ = {
			isa = PBXShellScriptBuildPhase;
			buildActionMask = 2147483647;
			files = (
			);
			inputPaths = (
			);
			name = "[CP] Copy Pods Resources";
			outputPaths = (
			);
			runOnlyForDeploymentPostprocessing = 0;
			shellPath = /bin/sh;
			shellScript = "\"${SRCROOT}/Pods/Target Support Files/Pods-GearAnimation/Pods-GearAnimation-resources.sh\"\n";
			showEnvVarsInLog = 0;
		};
/* End PBXShellScriptBuildPhase section */

/* Begin PBXSourcesBuildPhase section */
		65802E781AB9677200E40510 /* Sources */ = {
			isa = PBXSourcesBuildPhase;
			buildActionMask = 2147483647;
			files = (
				65802E841AB9677200E40510 /* ViewController.swift in Sources */,
				65802E821AB9677200E40510 /* AppDelegate.swift in Sources */,
			);
			runOnlyForDeploymentPostprocessing = 0;
		};
		65802E8D1AB9677300E40510 /* Sources */ = {
			isa = PBXSourcesBuildPhase;
			buildActionMask = 2147483647;
			files = (
				65802E981AB9677300E40510 /* GearAnimationTests.swift in Sources */,
			);
			runOnlyForDeploymentPostprocessing = 0;
		};
/* End PBXSourcesBuildPhase section */

/* Begin PBXTargetDependency section */
		65802E931AB9677300E40510 /* PBXTargetDependency */ = {
			isa = PBXTargetDependency;
			target = 65802E7B1AB9677200E40510 /* GearAnimation */;
			targetProxy = 65802E921AB9677300E40510 /* PBXContainerItemProxy */;
		};
/* End PBXTargetDependency section */

/* Begin PBXVariantGroup section */
		65802E851AB9677200E40510 /* Main.storyboard */ = {
			isa = PBXVariantGroup;
			children = (
				65802E861AB9677200E40510 /* Base */,
			);
			name = Main.storyboard;
			sourceTree = "<group>";
		};
		65802E8A1AB9677200E40510 /* LaunchScreen.xib */ = {
			isa = PBXVariantGroup;
			children = (
				65802E8B1AB9677200E40510 /* Base */,
			);
			name = LaunchScreen.xib;
			sourceTree = "<group>";
		};
/* End PBXVariantGroup section */

/* Begin XCBuildConfiguration section */
		65802E991AB9677300E40510 /* Debug */ = {
			isa = XCBuildConfiguration;
			buildSettings = {
				ALWAYS_SEARCH_USER_PATHS = NO;
				CLANG_CXX_LANGUAGE_STANDARD = "gnu++0x";
				CLANG_CXX_LIBRARY = "libc++";
				CLANG_ENABLE_MODULES = YES;
				CLANG_ENABLE_OBJC_ARC = YES;
				CLANG_WARN_BOOL_CONVERSION = YES;
				CLANG_WARN_CONSTANT_CONVERSION = YES;
				CLANG_WARN_DIRECT_OBJC_ISA_USAGE = YES_ERROR;
				CLANG_WARN_EMPTY_BODY = YES;
				CLANG_WARN_ENUM_CONVERSION = YES;
				CLANG_WARN_INFINITE_RECURSION = YES;
				CLANG_WARN_INT_CONVERSION = YES;
				CLANG_WARN_OBJC_ROOT_CLASS = YES_ERROR;
				CLANG_WARN_SUSPICIOUS_MOVE = YES;
				CLANG_WARN_UNREACHABLE_CODE = YES;
				CLANG_WARN__DUPLICATE_METHOD_MATCH = YES;
				"CODE_SIGN_IDENTITY[sdk=iphoneos*]" = "iPhone Developer";
				COPY_PHASE_STRIP = NO;
				ENABLE_STRICT_OBJC_MSGSEND = YES;
				ENABLE_TESTABILITY = YES;
				GCC_C_LANGUAGE_STANDARD = gnu99;
				GCC_DYNAMIC_NO_PIC = NO;
				GCC_NO_COMMON_BLOCKS = YES;
				GCC_OPTIMIZATION_LEVEL = 0;
				GCC_PREPROCESSOR_DEFINITIONS = (
					"DEBUG=1",
					"$(inherited)",
				);
				GCC_SYMBOLS_PRIVATE_EXTERN = NO;
				GCC_WARN_64_TO_32_BIT_CONVERSION = YES;
				GCC_WARN_ABOUT_RETURN_TYPE = YES_ERROR;
				GCC_WARN_UNDECLARED_SELECTOR = YES;
				GCC_WARN_UNINITIALIZED_AUTOS = YES_AGGRESSIVE;
				GCC_WARN_UNUSED_FUNCTION = YES;
				GCC_WARN_UNUSED_VARIABLE = YES;
				IPHONEOS_DEPLOYMENT_TARGET = 8.2;
				MTL_ENABLE_DEBUG_INFO = YES;
				ONLY_ACTIVE_ARCH = YES;
				SDKROOT = iphoneos;
				SWIFT_OPTIMIZATION_LEVEL = "-Onone";
			};
			name = Debug;
		};
		65802E9A1AB9677300E40510 /* Release */ = {
			isa = XCBuildConfiguration;
			buildSettings = {
				ALWAYS_SEARCH_USER_PATHS = NO;
				CLANG_CXX_LANGUAGE_STANDARD = "gnu++0x";
				CLANG_CXX_LIBRARY = "libc++";
				CLANG_ENABLE_MODULES = YES;
				CLANG_ENABLE_OBJC_ARC = YES;
				CLANG_WARN_BOOL_CONVERSION = YES;
				CLANG_WARN_CONSTANT_CONVERSION = YES;
				CLANG_WARN_DIRECT_OBJC_ISA_USAGE = YES_ERROR;
				CLANG_WARN_EMPTY_BODY = YES;
				CLANG_WARN_ENUM_CONVERSION = YES;
				CLANG_WARN_INFINITE_RECURSION = YES;
				CLANG_WARN_INT_CONVERSION = YES;
				CLANG_WARN_OBJC_ROOT_CLASS = YES_ERROR;
				CLANG_WARN_SUSPICIOUS_MOVE = YES;
				CLANG_WARN_UNREACHABLE_CODE = YES;
				CLANG_WARN__DUPLICATE_METHOD_MATCH = YES;
				"CODE_SIGN_IDENTITY[sdk=iphoneos*]" = "iPhone Developer";
				COPY_PHASE_STRIP = NO;
				ENABLE_NS_ASSERTIONS = NO;
				ENABLE_STRICT_OBJC_MSGSEND = YES;
				GCC_C_LANGUAGE_STANDARD = gnu99;
				GCC_NO_COMMON_BLOCKS = YES;
				GCC_WARN_64_TO_32_BIT_CONVERSION = YES;
				GCC_WARN_ABOUT_RETURN_TYPE = YES_ERROR;
				GCC_WARN_UNDECLARED_SELECTOR = YES;
				GCC_WARN_UNINITIALIZED_AUTOS = YES_AGGRESSIVE;
				GCC_WARN_UNUSED_FUNCTION = YES;
				GCC_WARN_UNUSED_VARIABLE = YES;
				IPHONEOS_DEPLOYMENT_TARGET = 8.2;
				MTL_ENABLE_DEBUG_INFO = NO;
				SDKROOT = iphoneos;
				SWIFT_OPTIMIZATION_LEVEL = "-Owholemodule";
				VALIDATE_PRODUCT = YES;
			};
			name = Release;
		};
		65802E9C1AB9677300E40510 /* Debug */ = {
			isa = XCBuildConfiguration;
			baseConfigurationReference = 211EB9BA1ECE2F16EA952C42 /* Pods-GearAnimation.debug.xcconfig */;
			buildSettings = {
				ALWAYS_EMBED_SWIFT_STANDARD_LIBRARIES = YES;
				ASSETCATALOG_COMPILER_APPICON_NAME = AppIcon;
				INFOPLIST_FILE = GearAnimation/Info.plist;
				LD_RUNPATH_SEARCH_PATHS = "$(inherited) @executable_path/Frameworks";
				PRODUCT_BUNDLE_IDENTIFIER = "it.fancypixel.$(PRODUCT_NAME:rfc1034identifier)";
				PRODUCT_NAME = "$(TARGET_NAME)";
				SWIFT_VERSION = 3.0;
			};
			name = Debug;
		};
		65802E9D1AB9677300E40510 /* Release */ = {
			isa = XCBuildConfiguration;
			baseConfigurationReference = 7AA9FED7177DEA85E91FD7BA /* Pods-GearAnimation.release.xcconfig */;
			buildSettings = {
				ALWAYS_EMBED_SWIFT_STANDARD_LIBRARIES = YES;
				ASSETCATALOG_COMPILER_APPICON_NAME = AppIcon;
				INFOPLIST_FILE = GearAnimation/Info.plist;
				LD_RUNPATH_SEARCH_PATHS = "$(inherited) @executable_path/Frameworks";
				PRODUCT_BUNDLE_IDENTIFIER = "it.fancypixel.$(PRODUCT_NAME:rfc1034identifier)";
				PRODUCT_NAME = "$(TARGET_NAME)";
				SWIFT_VERSION = 3.0;
			};
			name = Release;
		};
		65802E9F1AB9677300E40510 /* Debug */ = {
			isa = XCBuildConfiguration;
			baseConfigurationReference = 759CD43038EF4F60FF3C63F7 /* Pods-GearAnimationTests.debug.xcconfig */;
			buildSettings = {
				BUNDLE_LOADER = "$(TEST_HOST)";
				FRAMEWORK_SEARCH_PATHS = (
					"$(SDKROOT)/Developer/Library/Frameworks",
					"$(inherited)",
				);
				GCC_PREPROCESSOR_DEFINITIONS = (
					"DEBUG=1",
					"$(inherited)",
				);
				INFOPLIST_FILE = GearAnimationTests/Info.plist;
				LD_RUNPATH_SEARCH_PATHS = "$(inherited) @executable_path/Frameworks @loader_path/Frameworks";
				PRODUCT_BUNDLE_IDENTIFIER = "it.fancypixel.$(PRODUCT_NAME:rfc1034identifier)";
				PRODUCT_NAME = "$(TARGET_NAME)";
				SWIFT_VERSION = 3.0;
				TEST_HOST = "$(BUILT_PRODUCTS_DIR)/GearAnimation.app/GearAnimation";
			};
			name = Debug;
		};
		65802EA01AB9677300E40510 /* Release */ = {
			isa = XCBuildConfiguration;
			baseConfigurationReference = 2747D084E3EE480347508A5A /* Pods-GearAnimationTests.release.xcconfig */;
			buildSettings = {
				BUNDLE_LOADER = "$(TEST_HOST)";
				FRAMEWORK_SEARCH_PATHS = (
					"$(SDKROOT)/Developer/Library/Frameworks",
					"$(inherited)",
				);
				INFOPLIST_FILE = GearAnimationTests/Info.plist;
				LD_RUNPATH_SEARCH_PATHS = "$(inherited) @executable_path/Frameworks @loader_path/Frameworks";
				PRODUCT_BUNDLE_IDENTIFIER = "it.fancypixel.$(PRODUCT_NAME:rfc1034identifier)";
				PRODUCT_NAME = "$(TARGET_NAME)";
				SWIFT_VERSION = 3.0;
				TEST_HOST = "$(BUILT_PRODUCTS_DIR)/GearAnimation.app/GearAnimation";
			};
			name = Release;
		};
/* End XCBuildConfiguration section */

/* Begin XCConfigurationList section */
		65802E771AB9677200E40510 /* Build configuration list for PBXProject "GearAnimation" */ = {
			isa = XCConfigurationList;
			buildConfigurations = (
				65802E991AB9677300E40510 /* Debug */,
				65802E9A1AB9677300E40510 /* Release */,
			);
			defaultConfigurationIsVisible = 0;
			defaultConfigurationName = Release;
		};
		65802E9B1AB9677300E40510 /* Build configuration list for PBXNativeTarget "GearAnimation" */ = {
			isa = XCConfigurationList;
			buildConfigurations = (
				65802E9C1AB9677300E40510 /* Debug */,
				65802E9D1AB9677300E40510 /* Release */,
			);
			defaultConfigurationIsVisible = 0;
			defaultConfigurationName = Release;
		};
		65802E9E1AB9677300E40510 /* Build configuration list for PBXNativeTarget "GearAnimationTests" */ = {
			isa = XCConfigurationList;
			buildConfigurations = (
				65802E9F1AB9677300E40510 /* Debug */,
				65802EA01AB9677300E40510 /* Release */,
			);
			defaultConfigurationIsVisible = 0;
			defaultConfigurationName = Release;
		};
/* End XCConfigurationList section */
	};
	rootObject = 65802E741AB9677200E40510 /* Project object */;
}
